
Microsoft Visual Studio Solution File, Format Version 12.00
# Visual Studio 15
VisualStudioVersion = 15.0.28307.271
MinimumVisualStudioVersion = 10.0.40219.1
Project("{FAE04EC0-301F-11D3-BF4B-00C04F79EFBC}") = "ApiAvaliacao", "ApiAvaliacao\ApiAvaliacao.csproj", "{DBD6ABB1-9AE8-4905-828F-2DE77E95F12F}"
EndProject
Global
	GlobalSection(SolutionConfigurationPlatforms) = preSolution
		Debug|Any CPU = Debug|Any CPU
		Release|Any CPU = Release|Any CPU
	EndGlobalSection
	GlobalSection(ProjectConfigurationPlatforms) = postSolution
		{DBD6ABB1-9AE8-4905-828F-2DE77E95F12F}.Debug|Any CPU.ActiveCfg = Debug|Any CPU
		{DBD6ABB1-9AE8-4905-828F-2DE77E95F12F}.Debug|Any CPU.Build.0 = Debug|Any CPU
		{DBD6ABB1-9AE8-4905-828F-2DE77E95F12F}.Release|Any CPU.ActiveCfg = Release|Any CPU
		{DBD6ABB1-9AE8-4905-828F-2DE77E95F12F}.Release|Any CPU.Build.0 = Release|Any CPU
	EndGlobalSection
	GlobalSection(SolutionProperties) = preSolution
		HideSolutionNode = FALSE
	EndGlobalSection
	GlobalSection(ExtensibilityGlobals) = postSolution
		SolutionGuid = {A5A4EBA2-B2BD-43AC-8879-92C07FEDEB83}
	EndGlobalSection
EndGlobal
